lockfileVersion: '9.0'

settings:
  autoInstallPeers: true
  excludeLinksFromLockfile: false

importers:
  .:
    dependencies:
      '@supabase/ssr':
        specifier: ^0.5.1
      '@supabase/supabase-js':
        specifier: ^2.49.1
      next:
        specifier: 14.2.15
      react:
        specifier: 18.3.1
      react-dom:
        specifier: 18.3.1
      resend:
        specifier: ^4.0.1
      stripe:
        specifier: ^17.7.0
      zod:
        specifier: ^3.23.8
    devDependencies:
      '@playwright/test':
        specifier: ^1.49.0
      '@types/node':
        specifier: ^22.10.1
      '@types/react':
        specifier: ^18.3.12
      '@types/react-dom':
        specifier: ^18.3.1
      autoprefixer:
        specifier: ^10.4.20
      eslint:
        specifier: ^8.57.1
      eslint-config-next:
        specifier: 14.2.15
      postcss:
        specifier: ^8.4.49
      tailwindcss:
        specifier: ^3.4.16
      typescript:
        specifier: ^5.7.2
